
Microsoft Visual Studio Solution File, Format Version 12.00
# Visual Studio Version 17
VisualStudioVersion = 17.3.32929.385
MinimumVisualStudioVersion = 10.0.40219.1
Project("{FAE04EC0-301F-11D3-BF4B-00C04F79EFBC}") = "ApartmentPlanerServer", "ApartmentPlanerServer\ApartmentPlanerServer.csproj", "{1EB9E744-3396-49A8-B4D4-E835604D5682}"
EndProject
Project("{FAE04EC0-301F-11D3-BF4B-00C04F79EFBC}") = "Application", "Application\Application.csproj", "{BF5E430E-38E5-4EE5-9D9B-C4ECD16C40ED}"
EndProject
Project("{FAE04EC0-301F-11D3-BF4B-00C04F79EFBC}") = "Domain", "Domain\Domain.csproj", "{7F6BCCAD-E03A-42C2-B265-BF0F58E770F0}"
EndProject
Project("{FAE04EC0-301F-11D3-BF4B-00C04F79EFBC}") = "Infrastructure", "Infrastructure\Infrastructure.csproj", "{6C99E66F-2F06-49A0-866D-EC2D5B390408}"
EndProject
Project("{FAE04EC0-301F-11D3-BF4B-00C04F79EFBC}") = "Persistence", "Persistence\Persistence.csproj", "{FF84214A-D418-42A0-B3AC-4AEB87E34C0C}"
EndProject
Global
	GlobalSection(SolutionConfigurationPlatforms) = preSolution
		Debug|Any CPU = Debug|Any CPU
		Release|Any CPU = Release|Any CPU
	EndGlobalSection
	GlobalSection(ProjectConfigurationPlatforms) = postSolution
		{1EB9E744-3396-49A8-B4D4-E835604D5682}.Debug|Any CPU.ActiveCfg = Debug|Any CPU
		{1EB9E744-3396-49A8-B4D4-E835604D5682}.Debug|Any CPU.Build.0 = Debug|Any CPU
		{1EB9E744-3396-49A8-B4D4-E835604D5682}.Release|Any CPU.ActiveCfg = Release|Any CPU
		{1EB9E744-3396-49A8-B4D4-E835604D5682}.Release|Any CPU.Build.0 = Release|Any CPU
		{BF5E430E-38E5-4EE5-9D9B-C4ECD16C40ED}.Debug|Any CPU.ActiveCfg = Debug|Any CPU
		{BF5E430E-38E5-4EE5-9D9B-C4ECD16C40ED}.Debug|Any CPU.Build.0 = Debug|Any CPU
		{BF5E430E-38E5-4EE5-9D9B-C4ECD16C40ED}.Release|Any CPU.ActiveCfg = Release|Any CPU
		{BF5E430E-38E5-4EE5-9D9B-C4ECD16C40ED}.Release|Any CPU.Build.0 = Release|Any CPU
		{7F6BCCAD-E03A-42C2-B265-BF0F58E770F0}.Debug|Any CPU.ActiveCfg = Debug|Any CPU
		{7F6BCCAD-E03A-42C2-B265-BF0F58E770F0}.Debug|Any CPU.Build.0 = Debug|Any CPU
		{7F6BCCAD-E03A-42C2-B265-BF0F58E770F0}.Release|Any CPU.ActiveCfg = Release|Any CPU
		{7F6BCCAD-E03A-42C2-B265-BF0F58E770F0}.Release|Any CPU.Build.0 = Release|Any CPU
		{6C99E66F-2F06-49A0-866D-EC2D5B390408}.Debug|Any CPU.ActiveCfg = Debug|Any CPU
		{6C99E66F-2F06-49A0-866D-EC2D5B390408}.Debug|Any CPU.Build.0 = Debug|Any CPU
		{6C99E66F-2F06-49A0-866D-EC2D5B390408}.Release|Any CPU.ActiveCfg = Release|Any CPU
		{6C99E66F-2F06-49A0-866D-EC2D5B390408}.Release|Any CPU.Build.0 = Release|Any CPU
		{FF84214A-D418-42A0-B3AC-4AEB87E34C0C}.Debug|Any CPU.ActiveCfg = Debug|Any CPU
		{FF84214A-D418-42A0-B3AC-4AEB87E34C0C}.Debug|Any CPU.Build.0 = Debug|Any CPU
		{FF84214A-D418-42A0-B3AC-4AEB87E34C0C}.Release|Any CPU.ActiveCfg = Release|Any CPU
		{FF84214A-D418-42A0-B3AC-4AEB87E34C0C}.Release|Any CPU.Build.0 = Release|Any CPU
	EndGlobalSection
	GlobalSection(SolutionProperties) = preSolution
		HideSolutionNode = FALSE
	EndGlobalSection
	GlobalSection(ExtensibilityGlobals) = postSolution
		SolutionGuid = {D1A8CBA0-367F-495B-822F-FC2C68DAFF4A}
	EndGlobalSection
EndGlobal
